<?xml version="1.0" encoding="utf-8"?>
<Project ToolsVersion="4.0" xmlns="http://schemas.microsoft.com/developer/msbuild/2003">
  <ItemGroup>
    <Filter Include="Source Files">
      <UniqueIdentifier>{4FC737F1-C7A5-4376-A066-2A32D752A2FF}</UniqueIdentifier>
      <Extensions>cpp;c;cc;cxx;c++;cppm;ixx;def;odl;idl;hpj;bat;asm;asmx</Extensions>
    </Filter>
    <Filter Include="Header Files">
      <UniqueIdentifier>{93995380-89BD-4b04-88EB-625FBE52EBFB}</UniqueIdentifier>
      <Extensions>h;hh;hpp;hxx;h++;hm;inl;inc;ipp;xsd</Extensions>
    </Filter>
    <Filter Include="Resource Files">
      <UniqueIdentifier>{67DA6AB6-F800-4c08-8B7A-83BB121AAD01}</UniqueIdentifier>
      <Extensions>rc;ico;cur;bmp;dlg;rc2;rct;bin;rgs;gif;jpg;jpeg;jpe;resx;tiff;tif;png;wav;mfcribbon-ms</Extensions>
    </Filter>
    <Filter Include="ImGui">
      <UniqueIdentifier>{90afe845-32d8-4664-8277-d1d4713f40ef}</UniqueIdentifier>
    </Filter>
    <Filter Include="GL3W">
      <UniqueIdentifier>{67912bba-de32-41b7-9566-2e062d6568c2}</UniqueIdentifier>
    </Filter>
    <Filter Include="ImPlot">
      <UniqueIdentifier>{53913a96-4c4f-47ac-befe-f4291aeece3e}</UniqueIdentifier>
    </Filter>
  </ItemGroup>
  <ItemGroup>
    <ClCompile Include="IMBTOptimizerDialog.cpp">
      <Filter>Source Files</Filter>
    </ClCompile>
    <ClCompile Include="dllmain.cpp">
      <Filter>Source Files</Filter>
    </ClCompile>
    <ClCompile Include="pch.cpp">
      <Filter>Source Files</Filter>
    </ClCompile>
    <ClCompile Include="CDialogIMBTOptimizer.cpp">
      <Filter>Source Files</Filter>
    </ClCompile>
    <ClCompile Include="UniButton.cpp">
      <Filter>Source Files</Filter>
    </ClCompile>
    <ClCompile Include="StyleSheet.cpp">
      <Filter>Source Files</Filter>
    </ClCompile>
    <ClCompile Include="PanelRTDisplay.cpp">
      <Filter>Source Files</Filter>
    </ClCompile>
    <ClCompile Include="CRunningDlg.cpp">
      <Filter>Source Files</Filter>
    </ClCompile>
    <ClCompile Include="IMBTOptimizerDialog_ImGui.cpp">
      <Filter>Source Files</Filter>
    </ClCompile>
    <ClCompile Include="includes\implot\implot.cpp">
      <Filter>ImPlot</Filter>
    </ClCompile>
    <ClCompile Include="includes\implot\implot_items.cpp">
      <Filter>ImPlot</Filter>
    </ClCompile>
    <ClCompile Include="includes\GL\gl3w.c">
      <Filter>GL3W</Filter>
    </ClCompile>
    <ClCompile Include="includes\imgui\imgui.cpp">
      <Filter>ImGui</Filter>
    </ClCompile>
    <ClCompile Include="includes\imgui\imgui_demo.cpp">
      <Filter>ImGui</Filter>
    </ClCompile>
    <ClCompile Include="includes\imgui\imgui_draw.cpp">
      <Filter>ImGui</Filter>
    </ClCompile>
    <ClCompile Include="includes\imgui\imgui_tables.cpp">
      <Filter>ImGui</Filter>
    </ClCompile>
    <ClCompile Include="includes\imgui\imgui_widgets.cpp">
      <Filter>ImGui</Filter>
    </ClCompile>
    <ClCompile Include="includes\imgui\backends\imgui_impl_glfw.cpp">
      <Filter>ImGui</Filter>
    </ClCompile>
    <ClCompile Include="includes\imgui\backends\imgui_impl_opengl3.cpp">
      <Filter>ImGui</Filter>
    </ClCompile>
    <ClCompile Include="CDialogIMBTOptimizer_ImGUI.cpp">
      <Filter>Source Files</Filter>
    </ClCompile>
    <ClCompile Include="create_dosematrix_pure_matlab_c__.cpp">
      <Filter>Source Files</Filter>
    </ClCompile>
    <ClCompile Include="main_Brachy_GS_L0_patient2_ovoid_2022.cpp">
      <Filter>Source Files</Filter>
    </ClCompile>
    <ClCompile Include="get_DVHs.cpp">
      <Filter>Source Files</Filter>
    </ClCompile>
    <ClCompile Include="OpenCLHandler.cpp">
      <Filter>Source Files</Filter>
    </ClCompile>
  </ItemGroup>
  <ItemGroup>
    <None Include="IMBTOptimizerDialog.def">
      <Filter>Source Files</Filter>
    </None>
    <None Include="res\IMBTOptimizerDialog.rc2">
      <Filter>Resource Files</Filter>
    </None>
  </ItemGroup>
  <ItemGroup>
    <ClInclude Include="framework.h">
      <Filter>Header Files</Filter>
    </ClInclude>
    <ClInclude Include="targetver.h">
      <Filter>Header Files</Filter>
    </ClInclude>
    <ClInclude Include="Resource.h">
      <Filter>Header Files</Filter>
    </ClInclude>
    <ClInclude Include="pch.h">
      <Filter>Header Files</Filter>
    </ClInclude>
    <ClInclude Include="CDialogIMBTOptimizer.h">
      <Filter>Header Files</Filter>
    </ClInclude>
    <ClInclude Include="UniButton.h">
      <Filter>Header Files</Filter>
    </ClInclude>
    <ClInclude Include="StyleSheet.h">
      <Filter>Header Files</Filter>
    </ClInclude>
    <ClInclude Include="PanelRTDisplay.h">
      <Filter>Header Files</Filter>
    </ClInclude>
    <ClInclude Include="CRunningDlg.h">
      <Filter>Header Files</Filter>
    </ClInclude>
    <ClInclude Include="IMBTOptimizerDialog_ImGui.h">
      <Filter>Header Files</Filter>
    </ClInclude>
    <ClInclude Include="CDialogIMBTOptimizer_ImGUI.h">
      <Filter>Header Files</Filter>
    </ClInclude>
    <ClInclude Include="OpenCLHandler.h">
      <Filter>Header Files</Filter>
    </ClInclude>
  </ItemGroup>
  <ItemGroup>
    <ResourceCompile Include="IMBTOptimizerDialog.rc">
      <Filter>Resource Files</Filter>
    </ResourceCompile>
  </ItemGroup>
</Project>